// !$*UTF8*$!
{
	archiveVersion = 1;
	classes = {
	};
	objectVersion = 77;
	objects = {

/* Begin PBXContainerItemProxy section */
		FCD16DEB304F8DF0006BB802 /* PBXContainerItemProxy */ = {
			isa = PBXContainerItemProxy;
			containerPortal = FCD16DD3304F8DEF006BB802 /* Project object */;
			proxyType = 1;
			remoteGlobalIDString = FCD16DDA304F8DEF006BB802;
			remoteInfo = PortableAI;
		};
		FCD16DF5304F8DF0006BB802 /* PBXContainerItemProxy */ = {
			isa = PBXContainerItemProxy;
			containerPortal = FCD16DD3304F8DEF006BB802 /* Project object */;
			proxyType = 1;
			remoteGlobalIDString = FCD16DDA304F8DEF006BB802;
			remoteInfo = PortableAI;
		};
/* End PBXContainerItemProxy section */

/* Begin PBXFileReference section */
		FCD16DDB304F8DEF006BB802 /* PortableAI.app */ = {isa = PBXFileReference; explicitFileType = wrapper.application; includeInIndex = 0; path = PortableAI.app; sourceTree = BUILT_PRODUCTS_DIR; };
		FCD16DEA304F8DF0006BB802 /* PortableAITests.xctest */ = {isa = PBXFileReference; explicitFileType = wrapper.cfbundle; includeInIndex = 0; path = PortableAITests.xctest; sourceTree = BUILT_PRODUCTS_DIR; };
		FCD16DF4304F8DF0006BB802 /* PortableAIUITests.xctest */ = {isa = PBXFileReference; explicitFileType = wrapper.cfbundle; includeInIndex = 0; path = PortableAIUITests.xctest; sourceTree = BUILT_PRODUCTS_DIR; };
/* End PBXFileReference section */

/* Begin PBXFileSystemSynchronizedBuildFileExceptionSet section */
		FCD16E8A304F920B006BB802 /* Exceptions for "PortableAI" folder in "PortableAI" target */ = {
			isa = PBXFileSystemSynchronizedBuildFileExceptionSet;
			membershipExceptions = (
				Info.plist,
			);
			target = FCD16DDA304F8DEF006BB802 /* PortableAI */;
		};
/* End PBXFileSystemSynchronizedBuildFileExceptionSet section */

/* Begin PBXFileSystemSynchronizedRootGroup section */
		FCD16DDD304F8DEF006BB802 /* PortableAI */ = {
			isa = PBXFileSystemSynchronizedRootGroup;
			exceptions = (
				FCD16E8A304F920B006BB802 /* Exceptions for "PortableAI" folder in "PortableAI" target */,
			);
			path = PortableAI;
			sourceTree = "<group>";
		};
		FCD16DED304F8DF0006BB802 /* PortableAITests */ = {
			isa = PBXFileSystemSynchronizedRootGroup;
			path = PortableAITests;
			sourceTree = "<group>";
		};
		FCD16DF7304F8DF0006BB802 /* PortableAIUITests */ = {
			isa = PBXFileSystemSynchronizedRootGroup;
			path = PortableAIUITests;
			sourceTree = "<group>";
		};
/* End PBXFileSystemSynchronizedRootGroup section */

/* Begin PBXFrameworksBuildPhase section */
		FCD16DD8304F8DEF006BB802 /* Frameworks */ = {
			isa = PBXFrameworksBuildPhase;
			buildActionMask = 2147483647;
			files = (
			);
			runOnlyForDeploymentPostprocessing = 0;
		};
		FCD16DE7304F8DF0006BB802 /* Frameworks */ = {
			isa = PBXFrameworksBuildPhase;
			buildActionMask = 2147483647;
			files = (
			);
			runOnlyForDeploymentPostprocessing = 0;
		};
		FCD16DF1304F8DF0006BB802 /* Frameworks */ = {
			isa = PBXFrameworksBuildPhase;
			buildActionMask = 2147483647;
			files = (
			);
			runOnlyForDeploymentPostprocessing = 0;
		};
/* End PBXFrameworksBuildPhase section */

/* Begin PBXGroup section */
		FCD16DD2304F8DEF006BB802 = {
			isa = PBXGroup;
			children = (
				FCD16DDD304F8DEF006BB802 /* PortableAI */,
				FCD16DED304F8DF0006BB802 /* PortableAITests */,
				FCD16DF7304F8DF0006BB802 /* PortableAIUITests */,
				FCD16DDC304F8DEF006BB802 /* Products */,
			);
			sourceTree = "<group>";
		};
		FCD16DDC304F8DEF006BB802 /* Products */ = {
			isa = PBXGroup;
			children = (
				FCD16DDB304F8DEF006BB802 /* PortableAI.app */,
				FCD16DEA304F8DF0006BB802 /* PortableAITests.xctest */,
				FCD16DF4304F8DF0006BB802 /* PortableAIUITests.xctest */,
			);
			name = Products;
			sourceTree = "<group>";
		};
/* End PBXGroup section */

/* Begin PBXNativeTarget section */
		FCD16DDA304F8DEF006BB802 /* PortableAI */ = {
			isa = PBXNativeTarget;
			buildConfigurationList = FCD16DFE304F8DF0006BB802 /* Build configuration list for PBXNativeTarget "PortableAI" */;
			buildPhases = (
				FCD16DD7304F8DEF006BB802 /* Sources */,
				FCD16DD8304F8DEF006BB802 /* Frameworks */,
				FCD16DD9304F8DEF006BB802 /* Resources */,
			);
			buildRules = (
			);
			dependencies = (
			);
			fileSystemSynchronizedGroups = (
				FCD16DDD304F8DEF006BB802 /* PortableAI */,
			);
			name = PortableAI;
			packageProductDependencies = (
			);
			productName = PortableAI;
			productReference = FCD16DDB304F8DEF006BB802 /* PortableAI.app */;
			productType = "com.apple.product-type.application";
		};
		FCD16DE9304F8DF0006BB802 /* PortableAITests */ = {
			isa = PBXNativeTarget;
			buildConfigurationList = FCD16E01304F8DF0006BB802 /* Build configuration list for PBXNativeTarget "PortableAITests" */;
			buildPhases = (
				FCD16DE6304F8DF0006BB802 /* Sources */,
				FCD16DE7304F8DF0006BB802 /* Frameworks */,
				FCD16DE8304F8DF0006BB802 /* Resources */,
			);
			buildRules = (
			);
			dependencies = (
				FCD16DEC304F8DF0006BB802 /* PBXTargetDependency */,
			);
			fileSystemSynchronizedGroups = (
				FCD16DED304F8DF0006BB802 /* PortableAITests */,
			);
			name = PortableAITests;
			packageProductDependencies = (
			);
			productName = PortableAITests;
			productReference = FCD16DEA304F8DF0006BB802 /* PortableAITests.xctest */;
			productType = "com.apple.product-type.bundle.unit-test";
		};
		FCD16DF3304F8DF0006BB802 /* PortableAIUITests */ = {
			isa = PBXNativeTarget;
			buildConfigurationList = FCD16E04304F8DF0006BB802 /* Build configuration list for PBXNativeTarget "PortableAIUITests" */;
			buildPhases = (
				FCD16DF0304F8DF0006BB802 /* Sources */,
				FCD16DF1304F8DF0006BB802 /* Frameworks */,
				FCD16DF2304F8DF0006BB802 /* Resources */,
			);
			buildRules = (
			);
			dependencies = (
				FCD16DF6304F8DF0006BB802 /* PBXTargetDependency */,
			);
			fileSystemSynchronizedGroups = (
				FCD16DF7304F8DF0006BB802 /* PortableAIUITests */,
			);
			name = PortableAIUITests;
			packageProductDependencies = (
			);
			productName = PortableAIUITests;
			productReference = FCD16DF4304F8DF0006BB802 /* PortableAIUITests.xctest */;
			productType = "com.apple.product-type.bundle.ui-testing";
		};
/* End PBXNativeTarget section */

/* Begin PBXProject section */
		FCD16DD3304F8DEF006BB802 /* Project object */ = {
			isa = PBXProject;
			attributes = {
				BuildIndependentTargetsInParallel = 1;
				LastSwiftUpdateCheck = 2660;
				LastUpgradeCheck = 2660;
				TargetAttributes = {
					FCD16DDA304F8DEF006BB802 = {
						CreatedOnToolsVersion = 26.6;
					};
					FCD16DE9304F8DF0006BB802 = {
						CreatedOnToolsVersion = 26.6;
						TestTargetID = FCD16DDA304F8DEF006BB802;
					};
					FCD16DF3304F8DF0006BB802 = {
						CreatedOnToolsVersion = 26.6;
						TestTargetID = FCD16DDA304F8DEF006BB802;
					};
				};
			};
			buildConfigurationList = FCD16DD6304F8DEF006BB802 /* Build configuration list for PBXProject "PortableAI" */;
			developmentRegion = en;
			hasScannedForEncodings = 0;
			knownRegions = (
				en,
				Base,
			);
			mainGroup = FCD16DD2304F8DEF006BB802;
			minimizedProjectReferenceProxies = 1;
			preferredProjectObjectVersion = 77;
			productRefGroup = FCD16DDC304F8DEF006BB802 /* Products */;
			projectDirPath = "";
			projectRoot = "";
			targets = (
				FCD16DDA304F8DEF006BB802 /* PortableAI */,
				FCD16DE9304F8DF0006BB802 /* PortableAITests */,
				FCD16DF3304F8DF0006BB802 /* PortableAIUITests */,
			);
		};
/* End PBXProject section */

/* Begin PBXResourcesBuildPhase section */
		FCD16DD9304F8DEF006BB802 /* Resources */ = {
			isa = PBXResourcesBuildPhase;
			buildActionMask = 2147483647;
			files = (
			);
			runOnlyForDeploymentPostprocessing = 0;
		};
		FCD16DE8304F8DF0006BB802 /* Resources */ = {
			isa = PBXResourcesBuildPhase;
			buildActionMask = 2147483647;
			files = (
			);
			runOnlyForDeploymentPostprocessing = 0;
		};
		FCD16DF2304F8DF0006BB802 /* Resources */ = {
			isa = PBXResourcesBuildPhase;
			buildActionMask = 2147483647;
			files = (
			);
			runOnlyForDeploymentPostprocessing = 0;
		};
/* End PBXResourcesBuildPhase section */

/* Begin PBXSourcesBuildPhase section */
		FCD16DD7304F8DEF006BB802 /* Sources */ = {
			isa = PBXSourcesBuildPhase;
			buildActionMask = 2147483647;
			files = (
			);
			runOnlyForDeploymentPostprocessing = 0;
		};
		FCD16DE6304F8DF0006BB802 /* Sources */ = {
			isa = PBXSourcesBuildPhase;
			buildActionMask = 2147483647;
			files = (
			);
			runOnlyForDeploymentPostprocessing = 0;
		};
		FCD16DF0304F8DF0006BB802 /* Sources */ = {
			isa = PBXSourcesBuildPhase;
			buildActionMask = 2147483647;
			files = (
			);
			runOnlyForDeploymentPostprocessing = 0;
		};
/* End PBXSourcesBuildPhase section */

/* Begin PBXTargetDependency section */
		FCD16DEC304F8DF0006BB802 /* PBXTargetDependency */ = {
			isa = PBXTargetDependency;
			target = FCD16DDA304F8DEF006BB802 /* PortableAI */;
			targetProxy = FCD16DEB304F8DF0006BB802 /* PBXContainerItemProxy */;
		};
		FCD16DF6304F8DF0006BB802 /* PBXTargetDependency */ = {
			isa = PBXTargetDependency;
			target = FCD16DDA304F8DEF006BB802 /* PortableAI */;
			targetProxy = FCD16DF5304F8DF0006BB802 /* PBXContainerItemProxy */;
		};
/* End PBXTargetDependency section */

/* Begin XCBuildConfiguration section */
		FCD16DFC304F8DF0006BB802 /* Debug */ = {
			isa = XCBuildConfiguration;
			buildSettings = {
				ALWAYS_SEARCH_USER_PATHS = NO;
				ASSETCATALOG_COMPILER_GENERATE_SWIFT_ASSET_SYMBOL_EXTENSIONS = YES;
				CLANG_ANALYZER_NONNULL = YES;
				CLANG_ANALYZER_NUMBER_OBJECT_CONVERSION = YES_AGGRESSIVE;
				CLANG_CXX_LANGUAGE_STANDARD = "gnu++20";
				CLANG_ENABLE_MODULES = YES;
				CLANG_ENABLE_OBJC_ARC = YES;
				CLANG_ENABLE_OBJC_WEAK = YES;
				CLANG_WARN_BLOCK_CAPTURE_AUTORELEASING = YES;
				CLANG_WARN_BOOL_CONVERSION = YES;
				CLANG_WARN_COMMA = YES;
				CLANG_WARN_CONSTANT_CONVERSION = YES;
				CLANG_WARN_DEPRECATED_OBJC_IMPLEMENTATIONS = YES;
				CLANG_WARN_DIRECT_OBJC_ISA_USAGE = YES_ERROR;
				CLANG_WARN_DOCUMENTATION_COMMENTS = YES;
				CLANG_WARN_EMPTY_BODY = YES;
				CLANG_WARN_ENUM_CONVERSION = YES;
				CLANG_WARN_INFINITE_RECURSION = YES;
				CLANG_WARN_INT_CONVERSION = YES;
				CLANG_WARN_NON_LITERAL_NULL_CONVERSION = YES;
				CLANG_WARN_OBJC_IMPLICIT_RETAIN_SELF = YES;
				CLANG_WARN_OBJC_LITERAL_CONVERSION = YES;
				CLANG_WARN_OBJC_ROOT_CLASS = YES_ERROR;
				CLANG_WARN_QUOTED_INCLUDE_IN_FRAMEWORK_HEADER = YES;
				CLANG_WARN_RANGE_LOOP_ANALYSIS = YES;
				CLANG_WARN_STRICT_PROTOTYPES = YES;
				CLANG_WARN_SUSPICIOUS_MOVE = YES;
				CLANG_WARN_UNGUARDED_AVAILABILITY = YES_AGGRESSIVE;
				CLANG_WARN_UNREACHABLE_CODE = YES;
				CLANG_WARN__DUPLICATE_METHOD_MATCH = YES;
				COPY_PHASE_STRIP = NO;
				DEBUG_INFORMATION_FORMAT = dwarf;
				DEVELOPMENT_TEAM = CU9QNQLXNH;
				ENABLE_STRICT_OBJC_MSGSEND = YES;
				ENABLE_TESTABILITY = YES;
				ENABLE_USER_SCRIPT_SANDBOXING = YES;
				GCC_C_LANGUAGE_STANDARD = gnu17;
				GCC_DYNAMIC_NO_PIC = NO;
				GCC_NO_COMMON_BLOCKS = YES;
				GCC_OPTIMIZATION_LEVEL = 0;
				GCC_PREPROCESSOR_DEFINITIONS = (
					"DEBUG=1",
					"$(inherited)",
				);
				GCC_WARN_64_TO_32_BIT_CONVERSION = YES;
				GCC_WARN_ABOUT_RETURN_TYPE = YES_ERROR;
				GCC_WARN_UNDECLARED_SELECTOR = YES;
				GCC_WARN_UNINITIALIZED_AUTOS = YES_AGGRESSIVE;
				GCC_WARN_UNUSED_FUNCTION = YES;
				GCC_WARN_UNUSED_VARIABLE = YES;
				IPHONEOS_DEPLOYMENT_TARGET = 17.0;
				LOCALIZATION_PREFERS_STRING_CATALOGS = YES;
				MTL_ENABLE_DEBUG_INFO = INCLUDE_SOURCE;
				MTL_FAST_MATH = YES;
				ONLY_ACTIVE_ARCH = YES;
				SDKROOT = iphoneos;
				SWIFT_ACTIVE_COMPILATION_CONDITIONS = "DEBUG $(inherited)";
				SWIFT_OPTIMIZATION_LEVEL = "-Onone";
			};
			name = Debug;
		};
		FCD16DFD304F8DF0006BB802 /* Release */ = {
			isa = XCBuildConfiguration;
			buildSettings = {
				ALWAYS_SEARCH_USER_PATHS = NO;
				ASSETCATALOG_COMPILER_GENERATE_SWIFT_ASSET_SYMBOL_EXTENSIONS = YES;
				CLANG_ANALYZER_NONNULL = YES;
				CLANG_ANALYZER_NUMBER_OBJECT_CONVERSION = YES_AGGRESSIVE;
				CLANG_CXX_LANGUAGE_STANDARD = "gnu++20";
				CLANG_ENABLE_MODULES = YES;
				CLANG_ENABLE_OBJC_ARC = YES;
				CLANG_ENABLE_OBJC_WEAK = YES;
				CLANG_WARN_BLOCK_CAPTURE_AUTORELEASING = YES;
				CLANG_WARN_BOOL_CONVERSION = YES;
				CLANG_WARN_COMMA = YES;
				CLANG_WARN_CONSTANT_CONVERSION = YES;
				CLANG_WARN_DEPRECATED_OBJC_IMPLEMENTATIONS = YES;
				CLANG_WARN_DIRECT_OBJC_ISA_USAGE = YES_ERROR;
				CLANG_WARN_DOCUMENTATION_COMMENTS = YES;
				CLANG_WARN_EMPTY_BODY = YES;
				CLANG_WARN_ENUM_CONVERSION = YES;
				CLANG_WARN_INFINITE_RECURSION = YES;
				CLANG_WARN_INT_CONVERSION = YES;
				CLANG_WARN_NON_LITERAL_NULL_CONVERSION = YES;
				CLANG_WARN_OBJC_IMPLICIT_RETAIN_SELF = YES;
				CLANG_WARN_OBJC_LITERAL_CONVERSION = YES;
				CLANG_WARN_OBJC_ROOT_CLASS = YES_ERROR;
				CLANG_WARN_QUOTED_INCLUDE_IN_FRAMEWORK_HEADER = YES;
				CLANG_WARN_RANGE_LOOP_ANALYSIS = YES;
				CLANG_WARN_STRICT_PROTOTYPES = YES;
				CLANG_WARN_SUSPICIOUS_MOVE = YES;
				CLANG_WARN_UNGUARDED_AVAILABILITY = YES_AGGRESSIVE;
				CLANG_WARN_UNREACHABLE_CODE = YES;
				CLANG_WARN__DUPLICATE_METHOD_MATCH = YES;
				COPY_PHASE_STRIP = NO;
				DEBUG_INFORMATION_FORMAT = "dwarf-with-dsym";
				DEVELOPMENT_TEAM = CU9QNQLXNH;
				ENABLE_NS_ASSERTIONS = NO;
				ENABLE_STRICT_OBJC_MSGSEND = YES;
				ENABLE_USER_SCRIPT_SANDBOXING = YES;
				GCC_C_LANGUAGE_STANDARD = gnu17;
				GCC_NO_COMMON_BLOCKS = YES;
				GCC_WARN_64_TO_32_BIT_CONVERSION = YES;
				GCC_WARN_ABOUT_RETURN_TYPE = YES_ERROR;
				GCC_WARN_UNDECLARED_SELECTOR = YES;
				GCC_WARN_UNINITIALIZED_AUTOS = YES_AGGRESSIVE;
				GCC_WARN_UNUSED_FUNCTION = YES;
				GCC_WARN_UNUSED_VARIABLE = YES;
				IPHONEOS_DEPLOYMENT_TARGET = 17.0;
				LOCALIZATION_PREFERS_STRING_CATALOGS = YES;
				MTL_ENABLE_DEBUG_INFO = NO;
				MTL_FAST_MATH = YES;
				SDKROOT = iphoneos;
				SWIFT_COMPILATION_MODE = wholemodule;
				VALIDATE_PRODUCT = YES;
			};
			name = Release;
		};
		FCD16DFF304F8DF0006BB802 /* Debug */ = {
			isa = XCBuildConfiguration;
			buildSettings = {
				ASSETCATALOG_COMPILER_APPICON_NAME = AppIcon;
				ASSETCATALOG_COMPILER_GLOBAL_ACCENT_COLOR_NAME = AccentColor;
				CODE_SIGN_STYLE = Automatic;
				CURRENT_PROJECT_VERSION = 1;
				DEVELOPMENT_TEAM = CU9QNQLXNH;
				ENABLE_PREVIEWS = YES;
				GENERATE_INFOPLIST_FILE = YES;
				INFOPLIST_FILE = PortableAI/Info.plist;
				INFOPLIST_KEY_NSCameraUsageDescription = "PortableAI uses the camera to scan a pairing QR code.";
				INFOPLIST_KEY_NSLocalNetworkUsageDescription = "PortableAI finds PortableAI servers on your local network and connects to the one you pair with.";
				INFOPLIST_KEY_NSBonjourServices = "_portableai._tcp";
				INFOPLIST_KEY_UIApplicationSceneManifest_Generation = YES;
				INFOPLIST_KEY_UIApplicationSupportsIndirectInputEvents = YES;
				INFOPLIST_KEY_UILaunchScreen_Generation = YES;
				INFOPLIST_KEY_UISupportedInterfaceOrientations_iPad = "UIInterfaceOrientationPortrait UIInterfaceOrientationPortraitUpsideDown UIInterfaceOrientationLandscapeLeft UIInterfaceOrientationLandscapeRight";
				INFOPLIST_KEY_UISupportedInterfaceOrientations_iPhone = "UIInterfaceOrientationPortrait UIInterfaceOrientationLandscapeLeft UIInterfaceOrientationLandscapeRight";
				IPHONEOS_DEPLOYMENT_TARGET = 17.0;
				LD_RUNPATH_SEARCH_PATHS = (
					"$(inherited)",
					"@executable_path/Frameworks",
				);
				MARKETING_VERSION = 1.0;
				PRODUCT_BUNDLE_IDENTIFIER = com.portableai.PortableAI;
				PRODUCT_NAME = "$(TARGET_NAME)";
				STRING_CATALOG_GENERATE_SYMBOLS = YES;
				SWIFT_APPROACHABLE_CONCURRENCY = YES;
				SWIFT_DEFAULT_ACTOR_ISOLATION = MainActor;
				SWIFT_EMIT_LOC_STRINGS = YES;
				SWIFT_UPCOMING_FEATURE_MEMBER_IMPORT_VISIBILITY = YES;
				SWIFT_VERSION = 5.0;
				TARGETED_DEVICE_FAMILY = "1,2";
			};
			name = Debug;
		};
		FCD16E00304F8DF0006BB802 /* Release */ = {
			isa = XCBuildConfiguration;
			buildSettings = {
				ASSETCATALOG_COMPILER_APPICON_NAME = AppIcon;
				ASSETCATALOG_COMPILER_GLOBAL_ACCENT_COLOR_NAME = AccentColor;
				CODE_SIGN_STYLE = Automatic;
				CURRENT_PROJECT_VERSION = 1;
				DEVELOPMENT_TEAM = CU9QNQLXNH;
				ENABLE_PREVIEWS = YES;
				GENERATE_INFOPLIST_FILE = YES;
				INFOPLIST_FILE = PortableAI/Info.plist;
				INFOPLIST_KEY_NSCameraUsageDescription = "PortableAI uses the camera to scan a pairing QR code.";
				INFOPLIST_KEY_NSLocalNetworkUsageDescription = "PortableAI finds PortableAI servers on your local network and connects to the one you pair with.";
				INFOPLIST_KEY_NSBonjourServices = "_portableai._tcp";
				INFOPLIST_KEY_UIApplicationSceneManifest_Generation = YES;
				INFOPLIST_KEY_UIApplicationSupportsIndirectInputEvents = YES;
				INFOPLIST_KEY_UILaunchScreen_Generation = YES;
				INFOPLIST_KEY_UISupportedInterfaceOrientations_iPad = "UIInterfaceOrientationPortrait UIInterfaceOrientationPortraitUpsideDown UIInterfaceOrientationLandscapeLeft UIInterfaceOrientationLandscapeRight";
				INFOPLIST_KEY_UISupportedInterfaceOrientations_iPhone = "UIInterfaceOrientationPortrait UIInterfaceOrientationLandscapeLeft UIInterfaceOrientationLandscapeRight";
				IPHONEOS_DEPLOYMENT_TARGET = 17.0;
				LD_RUNPATH_SEARCH_PATHS = (
					"$(inherited)",
					"@executable_path/Frameworks",
				);
				MARKETING_VERSION = 1.0;
				PRODUCT_BUNDLE_IDENTIFIER = com.portableai.PortableAI;
				PRODUCT_NAME = "$(TARGET_NAME)";
				STRING_CATALOG_GENERATE_SYMBOLS = YES;
				SWIFT_APPROACHABLE_CONCURRENCY = YES;
				SWIFT_DEFAULT_ACTOR_ISOLATION = MainActor;
				SWIFT_EMIT_LOC_STRINGS = YES;
				SWIFT_UPCOMING_FEATURE_MEMBER_IMPORT_VISIBILITY = YES;
				SWIFT_VERSION = 5.0;
				TARGETED_DEVICE_FAMILY = "1,2";
			};
			name = Release;
		};
		FCD16E02304F8DF0006BB802 /* Debug */ = {
			isa = XCBuildConfiguration;
			buildSettings = {
				BUNDLE_LOADER = "$(TEST_HOST)";
				CODE_SIGN_STYLE = Automatic;
				CURRENT_PROJECT_VERSION = 1;
				DEVELOPMENT_TEAM = CU9QNQLXNH;
				GENERATE_INFOPLIST_FILE = YES;
				IPHONEOS_DEPLOYMENT_TARGET = 17.0;
				MARKETING_VERSION = 1.0;
				PRODUCT_BUNDLE_IDENTIFIER = com.portableai.PortableAITests;
				PRODUCT_NAME = "$(TARGET_NAME)";
				STRING_CATALOG_GENERATE_SYMBOLS = NO;
				SWIFT_APPROACHABLE_CONCURRENCY = YES;
				SWIFT_EMIT_LOC_STRINGS = NO;
				SWIFT_UPCOMING_FEATURE_MEMBER_IMPORT_VISIBILITY = YES;
				SWIFT_VERSION = 5.0;
				TARGETED_DEVICE_FAMILY = "1,2";
				TEST_HOST = "$(BUILT_PRODUCTS_DIR)/PortableAI.app/$(BUNDLE_EXECUTABLE_FOLDER_PATH)/PortableAI";
			};
			name = Debug;
		};
		FCD16E03304F8DF0006BB802 /* Release */ = {
			isa = XCBuildConfiguration;
			buildSettings = {
				BUNDLE_LOADER = "$(TEST_HOST)";
				CODE_SIGN_STYLE = Automatic;
				CURRENT_PROJECT_VERSION = 1;
				DEVELOPMENT_TEAM = CU9QNQLXNH;
				GENERATE_INFOPLIST_FILE = YES;
				IPHONEOS_DEPLOYMENT_TARGET = 17.0;
				MARKETING_VERSION = 1.0;
				PRODUCT_BUNDLE_IDENTIFIER = com.portableai.PortableAITests;
				PRODUCT_NAME = "$(TARGET_NAME)";
				STRING_CATALOG_GENERATE_SYMBOLS = NO;
				SWIFT_APPROACHABLE_CONCURRENCY = YES;
				SWIFT_EMIT_LOC_STRINGS = NO;
				SWIFT_UPCOMING_FEATURE_MEMBER_IMPORT_VISIBILITY = YES;
				SWIFT_VERSION = 5.0;
				TARGETED_DEVICE_FAMILY = "1,2";
				TEST_HOST = "$(BUILT_PRODUCTS_DIR)/PortableAI.app/$(BUNDLE_EXECUTABLE_FOLDER_PATH)/PortableAI";
			};
			name = Release;
		};
		FCD16E05304F8DF0006BB802 /* Debug */ = {
			isa = XCBuildConfiguration;
			buildSettings = {
				CODE_SIGN_STYLE = Automatic;
				CURRENT_PROJECT_VERSION = 1;
				DEVELOPMENT_TEAM = CU9QNQLXNH;
				GENERATE_INFOPLIST_FILE = YES;
				MARKETING_VERSION = 1.0;
				PRODUCT_BUNDLE_IDENTIFIER = com.portableai.PortableAIUITests;
				PRODUCT_NAME = "$(TARGET_NAME)";
				STRING_CATALOG_GENERATE_SYMBOLS = NO;
				SWIFT_APPROACHABLE_CONCURRENCY = YES;
				SWIFT_EMIT_LOC_STRINGS = NO;
				SWIFT_UPCOMING_FEATURE_MEMBER_IMPORT_VISIBILITY = YES;
				SWIFT_VERSION = 5.0;
				TARGETED_DEVICE_FAMILY = "1,2";
				TEST_TARGET_NAME = PortableAI;
			};
			name = Debug;
		};
		FCD16E06304F8DF0006BB802 /* Release */ = {
			isa = XCBuildConfiguration;
			buildSettings = {
				CODE_SIGN_STYLE = Automatic;
				CURRENT_PROJECT_VERSION = 1;
				DEVELOPMENT_TEAM = CU9QNQLXNH;
				GENERATE_INFOPLIST_FILE = YES;
				MARKETING_VERSION = 1.0;
				PRODUCT_BUNDLE_IDENTIFIER = com.portableai.PortableAIUITests;
				PRODUCT_NAME = "$(TARGET_NAME)";
				STRING_CATALOG_GENERATE_SYMBOLS = NO;
				SWIFT_APPROACHABLE_CONCURRENCY = YES;
				SWIFT_EMIT_LOC_STRINGS = NO;
				SWIFT_UPCOMING_FEATURE_MEMBER_IMPORT_VISIBILITY = YES;
				SWIFT_VERSION = 5.0;
				TARGETED_DEVICE_FAMILY = "1,2";
				TEST_TARGET_NAME = PortableAI;
			};
			name = Release;
		};
/* End XCBuildConfiguration section */

/* Begin XCConfigurationList section */
		FCD16DD6304F8DEF006BB802 /* Build configuration list for PBXProject "PortableAI" */ = {
			isa = XCConfigurationList;
			buildConfigurations = (
				FCD16DFC304F8DF0006BB802 /* Debug */,
				FCD16DFD304F8DF0006BB802 /* Release */,
			);
			defaultConfigurationIsVisible = 0;
			defaultConfigurationName = Release;
		};
		FCD16DFE304F8DF0006BB802 /* Build configuration list for PBXNativeTarget "PortableAI" */ = {
			isa = XCConfigurationList;
			buildConfigurations = (
				FCD16DFF304F8DF0006BB802 /* Debug */,
				FCD16E00304F8DF0006BB802 /* Release */,
			);
			defaultConfigurationIsVisible = 0;
			defaultConfigurationName = Release;
		};
		FCD16E01304F8DF0006BB802 /* Build configuration list for PBXNativeTarget "PortableAITests" */ = {
			isa = XCConfigurationList;
			buildConfigurations = (
				FCD16E02304F8DF0006BB802 /* Debug */,
				FCD16E03304F8DF0006BB802 /* Release */,
			);
			defaultConfigurationIsVisible = 0;
			defaultConfigurationName = Release;
		};
		FCD16E04304F8DF0006BB802 /* Build configuration list for PBXNativeTarget "PortableAIUITests" */ = {
			isa = XCConfigurationList;
			buildConfigurations = (
				FCD16E05304F8DF0006BB802 /* Debug */,
				FCD16E06304F8DF0006BB802 /* Release */,
			);
			defaultConfigurationIsVisible = 0;
			defaultConfigurationName = Release;
		};
/* End XCConfigurationList section */
	};
	rootObject = FCD16DD3304F8DEF006BB802 /* Project object */;
}
